
Microsoft Visual Studio Solution File, Format Version 12.00
# Visual Studio Version 16
VisualStudioVersion = 16.0.28917.182
MinimumVisualStudioVersion = 10.0.40219.1
Project("{9A19103F-16F7-4668-BE54-9A1E7A4F7556}") = "GodotTileMapCreator", "GodotTileMapCreator\GodotTileMapCreator.csproj", "{E04A4ED6-1DCC-4464-9615-013EEB2A425C}"
EndProject
Project("{9A19103F-16F7-4668-BE54-9A1E7A4F7556}") = "TileMapConsole", "TileMapConsole\TileMapConsole.csproj", "{06A360BF-9EA4-47AB-9C6D-7C594FC06CA5}"
EndProject
Project("{FAE04EC0-301F-11D3-BF4B-00C04F79EFBC}") = "TileMapGUI", "TileMapGUI\TileMapGUI.csproj", "{45C84CEF-B0C6-4555-B651-E4C4C6BC7E44}"
EndProject
Global
	GlobalSection(SolutionConfigurationPlatforms) = preSolution
		Debug|Any CPU = Debug|Any CPU
		Release|Any CPU = Release|Any CPU
	EndGlobalSection
	GlobalSection(ProjectConfigurationPlatforms) = postSolution
		{E04A4ED6-1DCC-4464-9615-013EEB2A425C}.Debug|Any CPU.ActiveCfg = Debug|Any CPU
		{E04A4ED6-1DCC-4464-9615-013EEB2A425C}.Debug|Any CPU.Build.0 = Debug|Any CPU
		{E04A4ED6-1DCC-4464-9615-013EEB2A425C}.Release|Any CPU.ActiveCfg = Release|Any CPU
		{E04A4ED6-1DCC-4464-9615-013EEB2A425C}.Release|Any CPU.Build.0 = Release|Any CPU
		{06A360BF-9EA4-47AB-9C6D-7C594FC06CA5}.Debug|Any CPU.ActiveCfg = Debug|Any CPU
		{06A360BF-9EA4-47AB-9C6D-7C594FC06CA5}.Debug|Any CPU.Build.0 = Debug|Any CPU
		{06A360BF-9EA4-47AB-9C6D-7C594FC06CA5}.Release|Any CPU.ActiveCfg = Release|Any CPU
		{06A360BF-9EA4-47AB-9C6D-7C594FC06CA5}.Release|Any CPU.Build.0 = Release|Any CPU
		{45C84CEF-B0C6-4555-B651-E4C4C6BC7E44}.Debug|Any CPU.ActiveCfg = Debug|Any CPU
		{45C84CEF-B0C6-4555-B651-E4C4C6BC7E44}.Debug|Any CPU.Build.0 = Debug|Any CPU
		{45C84CEF-B0C6-4555-B651-E4C4C6BC7E44}.Release|Any CPU.ActiveCfg = Release|Any CPU
		{45C84CEF-B0C6-4555-B651-E4C4C6BC7E44}.Release|Any CPU.Build.0 = Release|Any CPU
	EndGlobalSection
	GlobalSection(SolutionProperties) = preSolution
		HideSolutionNode = FALSE
	EndGlobalSection
	GlobalSection(ExtensibilityGlobals) = postSolution
		SolutionGuid = {63CC4C1B-7841-40C1-96DE-79CB782BB3AE}
	EndGlobalSection
EndGlobal
